
Microsoft Visual Studio Solution File, Format Version 12.00
# Visual Studio Version 16
VisualStudioVersion = 16.0.29411.108
MinimumVisualStudioVersion = 10.0.40219.1
Project("{8BC9CEB8-8B4A-11D0-8D11-00A0C91BC942}") = "HashiConsole", "HashiConsole.vcxproj", "{AC7C7B96-0E86-4FDB-AE01-6598C4180FC1}"
EndProject
Global
	GlobalSection(SolutionConfigurationPlatforms) = preSolution
		Debug|x64 = Debug|x64
		Debug|x86 = Debug|x86
		Release|x64 = Release|x64
		Release|x86 = Release|x86
	EndGlobalSection
	GlobalSection(ProjectConfigurationPlatforms) = postSolution
		{AC7C7B96-0E86-4FDB-AE01-6598C4180FC1}.Debug|x64.ActiveCfg = Debug|x64
		{AC7C7B96-0E86-4FDB-AE01-6598C4180FC1}.Debug|x64.Build.0 = Debug|x64
		{AC7C7B96-0E86-4FDB-AE01-6598C4180FC1}.Debug|x86.ActiveCfg = Debug|Win32
		{AC7C7B96-0E86-4FDB-AE01-6598C4180FC1}.Debug|x86.Build.0 = Debug|Win32
		{AC7C7B96-0E86-4FDB-AE01-6598C4180FC1}.Release|x64.ActiveCfg = Release|x64
		{AC7C7B96-0E86-4FDB-AE01-6598C4180FC1}.Release|x64.Build.0 = Release|x64
		{AC7C7B96-0E86-4FDB-AE01-6598C4180FC1}.Release|x86.ActiveCfg = Release|Win32
		{AC7C7B96-0E86-4FDB-AE01-6598C4180FC1}.Release|x86.Build.0 = Release|Win32
	EndGlobalSection
	GlobalSection(SolutionProperties) = preSolution
		HideSolutionNode = FALSE
	EndGlobalSection
	GlobalSection(ExtensibilityGlobals) = postSolution
		SolutionGuid = {A3C76C9D-4148-4263-ABE5-C4AFC0D9F832}
	EndGlobalSection
EndGlobal
